
Microsoft Visual Studio Solution File, Format Version 12.00
# Visual Studio Version 17
VisualStudioVersion = 17.0.31611.283
MinimumVisualStudioVersion = 10.0.40219.1
Project("{FAE04EC0-301F-11D3-BF4B-00C04F79EFBC}") = "Orbit.Engine", "..\engine\Orbit.Engine\Orbit.Engine.csproj", "{A1865AEA-D891-46BE-BB87-665AB8907619}"
EndProject
Project("{FAE04EC0-301F-11D3-BF4B-00C04F79EFBC}") = "Orbit.Engine.Tests", "..\engine\Orbit.Engine.Tests\Orbit.Engine.Tests.csproj", "{622CFDD5-7E63-4EBC-A67F-8418CD1CE2DA}"
EndProject
Project("{FAE04EC0-301F-11D3-BF4B-00C04F79EFBC}") = "Platformer", "Platformer\Platformer.csproj", "{3DE622E7-1CBE-4B83-B2D5-FD0AD23F1090}"
EndProject
Project("{FAE04EC0-301F-11D3-BF4B-00C04F79EFBC}") = "Orbit.Input", "..\engine\Orbit.Input\Orbit.Input.csproj", "{F63F5DA8-4C0D-469C-BB8E-D36B089F5F98}"
EndProject
Global
	GlobalSection(SolutionConfigurationPlatforms) = preSolution
		Debug|Any CPU = Debug|Any CPU
		Release|Any CPU = Release|Any CPU
	EndGlobalSection
	GlobalSection(ProjectConfigurationPlatforms) = postSolution
		{A1865AEA-D891-46BE-BB87-665AB8907619}.Debug|Any CPU.ActiveCfg = Debug|Any CPU
		{A1865AEA-D891-46BE-BB87-665AB8907619}.Debug|Any CPU.Build.0 = Debug|Any CPU
		{A1865AEA-D891-46BE-BB87-665AB8907619}.Release|Any CPU.ActiveCfg = Release|Any CPU
		{A1865AEA-D891-46BE-BB87-665AB8907619}.Release|Any CPU.Build.0 = Release|Any CPU
		{622CFDD5-7E63-4EBC-A67F-8418CD1CE2DA}.Debug|Any CPU.ActiveCfg = Debug|Any CPU
		{622CFDD5-7E63-4EBC-A67F-8418CD1CE2DA}.Debug|Any CPU.Build.0 = Debug|Any CPU
		{622CFDD5-7E63-4EBC-A67F-8418CD1CE2DA}.Release|Any CPU.ActiveCfg = Release|Any CPU
		{622CFDD5-7E63-4EBC-A67F-8418CD1CE2DA}.Release|Any CPU.Build.0 = Release|Any CPU
		{3DE622E7-1CBE-4B83-B2D5-FD0AD23F1090}.Debug|Any CPU.ActiveCfg = Debug|Any CPU
		{3DE622E7-1CBE-4B83-B2D5-FD0AD23F1090}.Debug|Any CPU.Build.0 = Debug|Any CPU
		{3DE622E7-1CBE-4B83-B2D5-FD0AD23F1090}.Release|Any CPU.ActiveCfg = Release|Any CPU
		{3DE622E7-1CBE-4B83-B2D5-FD0AD23F1090}.Release|Any CPU.Build.0 = Release|Any CPU
		{F63F5DA8-4C0D-469C-BB8E-D36B089F5F98}.Debug|Any CPU.ActiveCfg = Debug|Any CPU
		{F63F5DA8-4C0D-469C-BB8E-D36B089F5F98}.Debug|Any CPU.Build.0 = Debug|Any CPU
		{F63F5DA8-4C0D-469C-BB8E-D36B089F5F98}.Release|Any CPU.ActiveCfg = Release|Any CPU
		{F63F5DA8-4C0D-469C-BB8E-D36B089F5F98}.Release|Any CPU.Build.0 = Release|Any CPU
	EndGlobalSection
	GlobalSection(SolutionProperties) = preSolution
		HideSolutionNode = FALSE
	EndGlobalSection
	GlobalSection(ExtensibilityGlobals) = postSolution
		SolutionGuid = {61F7FB11-1E47-470C-91E2-47F8143E1572}
	EndGlobalSection
EndGlobal
