
Microsoft Visual Studio Solution File, Format Version 12.00
# Visual Studio Version 17
VisualStudioVersion = 17.0.31611.283
MinimumVisualStudioVersion = 10.0.40219.1
Project("{9A19103F-16F7-4668-BE54-9A1E7A4F7556}") = "Orbit", "Orbit\Orbit.csproj", "{6C28FD3A-999F-4EBF-A327-7E985282BBA4}"
EndProject
Project("{FAE04EC0-301F-11D3-BF4B-00C04F79EFBC}") = "Orbit.Engine", "Orbit.Engine\Orbit.Engine.csproj", "{A1865AEA-D891-46BE-BB87-665AB8907619}"
EndProject
Project("{FAE04EC0-301F-11D3-BF4B-00C04F79EFBC}") = "Orbit.Engine.Tests", "Orbit.Engine.Tests\Orbit.Engine.Tests.csproj", "{622CFDD5-7E63-4EBC-A67F-8418CD1CE2DA}"
EndProject
Global
	GlobalSection(SolutionConfigurationPlatforms) = preSolution
		Debug|Any CPU = Debug|Any CPU
		Release|Any CPU = Release|Any CPU
	EndGlobalSection
	GlobalSection(ProjectConfigurationPlatforms) = postSolution
		{6C28FD3A-999F-4EBF-A327-7E985282BBA4}.Debug|Any CPU.ActiveCfg = Debug|Any CPU
		{6C28FD3A-999F-4EBF-A327-7E985282BBA4}.Debug|Any CPU.Build.0 = Debug|Any CPU
		{6C28FD3A-999F-4EBF-A327-7E985282BBA4}.Debug|Any CPU.Deploy.0 = Debug|Any CPU
		{6C28FD3A-999F-4EBF-A327-7E985282BBA4}.Release|Any CPU.ActiveCfg = Release|Any CPU
		{6C28FD3A-999F-4EBF-A327-7E985282BBA4}.Release|Any CPU.Build.0 = Release|Any CPU
		{6C28FD3A-999F-4EBF-A327-7E985282BBA4}.Release|Any CPU.Deploy.0 = Release|Any CPU
		{A1865AEA-D891-46BE-BB87-665AB8907619}.Debug|Any CPU.ActiveCfg = Debug|Any CPU
		{A1865AEA-D891-46BE-BB87-665AB8907619}.Debug|Any CPU.Build.0 = Debug|Any CPU
		{A1865AEA-D891-46BE-BB87-665AB8907619}.Release|Any CPU.ActiveCfg = Release|Any CPU
		{A1865AEA-D891-46BE-BB87-665AB8907619}.Release|Any CPU.Build.0 = Release|Any CPU
		{622CFDD5-7E63-4EBC-A67F-8418CD1CE2DA}.Debug|Any CPU.ActiveCfg = Debug|Any CPU
		{622CFDD5-7E63-4EBC-A67F-8418CD1CE2DA}.Debug|Any CPU.Build.0 = Debug|Any CPU
		{622CFDD5-7E63-4EBC-A67F-8418CD1CE2DA}.Release|Any CPU.ActiveCfg = Release|Any CPU
		{622CFDD5-7E63-4EBC-A67F-8418CD1CE2DA}.Release|Any CPU.Build.0 = Release|Any CPU
	EndGlobalSection
	GlobalSection(SolutionProperties) = preSolution
		HideSolutionNode = FALSE
	EndGlobalSection
	GlobalSection(ExtensibilityGlobals) = postSolution
		SolutionGuid = {61F7FB11-1E47-470C-91E2-47F8143E1572}
	EndGlobalSection
EndGlobal
