
Microsoft Visual Studio Solution File, Format Version 12.00
# Visual Studio Version 17
VisualStudioVersion = 17.0.31611.283
MinimumVisualStudioVersion = 10.0.40219.1
Project("{FAE04EC0-301F-11D3-BF4B-00C04F79EFBC}") = "DrawingGame", "DrawingGame.csproj", "{57D33502-A7F1-4933-BC0A-3FB0F4694EF3}"
EndProject
Project("{2150E333-8FDC-42A3-9474-1A3956D46DE8}") = "engine", "engine", "{AD2B8828-1A39-41C9-8B3C-97F295DE5331}"
EndProject
Project("{FAE04EC0-301F-11D3-BF4B-00C04F79EFBC}") = "Orbit.Engine", "..\..\..\engine\Orbit.Engine\Orbit.Engine.csproj", "{A6FE1ABD-4231-4E1F-9C60-6D2E7CA84478}"
EndProject
Project("{FAE04EC0-301F-11D3-BF4B-00C04F79EFBC}") = "Orbit.Engine.Tests", "..\..\..\engine\Orbit.Engine.Tests\Orbit.Engine.Tests.csproj", "{BD039428-E70E-4A49-B2F3-D44401A6788B}"
EndProject
Project("{FAE04EC0-301F-11D3-BF4B-00C04F79EFBC}") = "DrawingGame.Shared", "..\DrawingGame.Shared\DrawingGame.Shared.csproj", "{8B812B10-827D-42A8-A130-F6F5CCCD54D6}"
EndProject
Project("{FAE04EC0-301F-11D3-BF4B-00C04F79EFBC}") = "DrawingGame.Server", "..\DrawingGame.Server\DrawingGame.Server.csproj", "{B7C1E81F-CE70-48B3-9C5C-544490189269}"
EndProject
Global
	GlobalSection(SolutionConfigurationPlatforms) = preSolution
		Debug|Any CPU = Debug|Any CPU
		Release|Any CPU = Release|Any CPU
	EndGlobalSection
	GlobalSection(ProjectConfigurationPlatforms) = postSolution
		{57D33502-A7F1-4933-BC0A-3FB0F4694EF3}.Debug|Any CPU.ActiveCfg = Debug|Any CPU
		{57D33502-A7F1-4933-BC0A-3FB0F4694EF3}.Debug|Any CPU.Build.0 = Debug|Any CPU
		{57D33502-A7F1-4933-BC0A-3FB0F4694EF3}.Debug|Any CPU.Deploy.0 = Debug|Any CPU
		{57D33502-A7F1-4933-BC0A-3FB0F4694EF3}.Release|Any CPU.ActiveCfg = Release|Any CPU
		{57D33502-A7F1-4933-BC0A-3FB0F4694EF3}.Release|Any CPU.Build.0 = Release|Any CPU
		{57D33502-A7F1-4933-BC0A-3FB0F4694EF3}.Release|Any CPU.Deploy.0 = Release|Any CPU
		{A6FE1ABD-4231-4E1F-9C60-6D2E7CA84478}.Debug|Any CPU.ActiveCfg = Debug|Any CPU
		{A6FE1ABD-4231-4E1F-9C60-6D2E7CA84478}.Debug|Any CPU.Build.0 = Debug|Any CPU
		{A6FE1ABD-4231-4E1F-9C60-6D2E7CA84478}.Release|Any CPU.ActiveCfg = Release|Any CPU
		{A6FE1ABD-4231-4E1F-9C60-6D2E7CA84478}.Release|Any CPU.Build.0 = Release|Any CPU
		{BD039428-E70E-4A49-B2F3-D44401A6788B}.Debug|Any CPU.ActiveCfg = Debug|Any CPU
		{BD039428-E70E-4A49-B2F3-D44401A6788B}.Debug|Any CPU.Build.0 = Debug|Any CPU
		{BD039428-E70E-4A49-B2F3-D44401A6788B}.Release|Any CPU.ActiveCfg = Release|Any CPU
		{BD039428-E70E-4A49-B2F3-D44401A6788B}.Release|Any CPU.Build.0 = Release|Any CPU
		{8B812B10-827D-42A8-A130-F6F5CCCD54D6}.Debug|Any CPU.ActiveCfg = Debug|Any CPU
		{8B812B10-827D-42A8-A130-F6F5CCCD54D6}.Debug|Any CPU.Build.0 = Debug|Any CPU
		{8B812B10-827D-42A8-A130-F6F5CCCD54D6}.Release|Any CPU.ActiveCfg = Release|Any CPU
		{8B812B10-827D-42A8-A130-F6F5CCCD54D6}.Release|Any CPU.Build.0 = Release|Any CPU
		{B7C1E81F-CE70-48B3-9C5C-544490189269}.Debug|Any CPU.ActiveCfg = Debug|Any CPU
		{B7C1E81F-CE70-48B3-9C5C-544490189269}.Debug|Any CPU.Build.0 = Debug|Any CPU
		{B7C1E81F-CE70-48B3-9C5C-544490189269}.Release|Any CPU.ActiveCfg = Release|Any CPU
		{B7C1E81F-CE70-48B3-9C5C-544490189269}.Release|Any CPU.Build.0 = Release|Any CPU
	EndGlobalSection
	GlobalSection(SolutionProperties) = preSolution
		HideSolutionNode = FALSE
	EndGlobalSection
	GlobalSection(ExtensibilityGlobals) = postSolution
		SolutionGuid = {61F7FB11-1E47-470C-91E2-47F8143E1572}
	EndGlobalSection
	GlobalSection(NestedProjects) = preSolution
		{A6FE1ABD-4231-4E1F-9C60-6D2E7CA84478} = {AD2B8828-1A39-41C9-8B3C-97F295DE5331}
		{BD039428-E70E-4A49-B2F3-D44401A6788B} = {AD2B8828-1A39-41C9-8B3C-97F295DE5331}
	EndGlobalSection
EndGlobal
